
Microsoft Visual Studio Solution File, Format Version 12.00
# Visual Studio Version 17
VisualStudioVersion = 17.12.35521.163 d17.12
MinimumVisualStudioVersion = 10.0.40219.1
Project("{FAE04EC0-301F-11D3-BF4B-00C04F79EFBC}") = "API", "API\API.csproj", "{6756C8AB-D077-4D4F-8007-4E3B996057F8}"
EndProject
Project("{FAE04EC0-301F-11D3-BF4B-00C04F79EFBC}") = "Infrastructure", "Infrastructure\Infrastructure.csproj", "{D39D337B-3448-4FEC-A557-56F9386C8F85}"
EndProject
Project("{FAE04EC0-301F-11D3-BF4B-00C04F79EFBC}") = "Application", "Application\Application.csproj", "{EEBDA994-27B5-4651-B989-B88AA37EABE5}"
EndProject
Project("{FAE04EC0-301F-11D3-BF4B-00C04F79EFBC}") = "Domain", "Domain\Domain.csproj", "{873376B5-1BFE-4F16-80D4-E84562B56717}"
EndProject
Global
	GlobalSection(SolutionConfigurationPlatforms) = preSolution
		Debug|Any CPU = Debug|Any CPU
		Release|Any CPU = Release|Any CPU
	EndGlobalSection
	GlobalSection(ProjectConfigurationPlatforms) = postSolution
		{6756C8AB-D077-4D4F-8007-4E3B996057F8}.Debug|Any CPU.ActiveCfg = Debug|Any CPU
		{6756C8AB-D077-4D4F-8007-4E3B996057F8}.Debug|Any CPU.Build.0 = Debug|Any CPU
		{6756C8AB-D077-4D4F-8007-4E3B996057F8}.Release|Any CPU.ActiveCfg = Release|Any CPU
		{6756C8AB-D077-4D4F-8007-4E3B996057F8}.Release|Any CPU.Build.0 = Release|Any CPU
		{D39D337B-3448-4FEC-A557-56F9386C8F85}.Debug|Any CPU.ActiveCfg = Debug|Any CPU
		{D39D337B-3448-4FEC-A557-56F9386C8F85}.Debug|Any CPU.Build.0 = Debug|Any CPU
		{D39D337B-3448-4FEC-A557-56F9386C8F85}.Release|Any CPU.ActiveCfg = Release|Any CPU
		{D39D337B-3448-4FEC-A557-56F9386C8F85}.Release|Any CPU.Build.0 = Release|Any CPU
		{EEBDA994-27B5-4651-B989-B88AA37EABE5}.Debug|Any CPU.ActiveCfg = Debug|Any CPU
		{EEBDA994-27B5-4651-B989-B88AA37EABE5}.Debug|Any CPU.Build.0 = Debug|Any CPU
		{EEBDA994-27B5-4651-B989-B88AA37EABE5}.Release|Any CPU.ActiveCfg = Release|Any CPU
		{EEBDA994-27B5-4651-B989-B88AA37EABE5}.Release|Any CPU.Build.0 = Release|Any CPU
		{873376B5-1BFE-4F16-80D4-E84562B56717}.Debug|Any CPU.ActiveCfg = Debug|Any CPU
		{873376B5-1BFE-4F16-80D4-E84562B56717}.Debug|Any CPU.Build.0 = Debug|Any CPU
		{873376B5-1BFE-4F16-80D4-E84562B56717}.Release|Any CPU.ActiveCfg = Release|Any CPU
		{873376B5-1BFE-4F16-80D4-E84562B56717}.Release|Any CPU.Build.0 = Release|Any CPU
	EndGlobalSection
	GlobalSection(SolutionProperties) = preSolution
		HideSolutionNode = FALSE
	EndGlobalSection
EndGlobal
